
Microsoft Visual Studio Solution File, Format Version 12.00
# Visual Studio Version 17
VisualStudioVersion = 17.5.33414.496
MinimumVisualStudioVersion = 10.0.40219.1
Project("{9A19103F-16F7-4668-BE54-9A1E7A4F7556}") = "CodeSignal", "CodeSignal\CodeSignal.csproj", "{B46A53C9-367D-4E62-A1EE-4B143CA23689}"
EndProject
Project("{FAE04EC0-301F-11D3-BF4B-00C04F79EFBC}") = "CodeSignal3", "CodeSignal3\CodeSignal3.csproj", "{2A7A0DFA-50BC-4C0B-BC7A-FD231B2632F5}"
EndProject
Project("{FAE04EC0-301F-11D3-BF4B-00C04F79EFBC}") = "CodeSignal4", "CodeSignal4\CodeSignal4.csproj", "{5712CE0F-76E4-46ED-AF4E-CD7DEAA586DE}"
EndProject
Project("{FAE04EC0-301F-11D3-BF4B-00C04F79EFBC}") = "CodeSignal5", "CodeSignal5\CodeSignal5.csproj", "{8E0D3694-9E47-4291-A9AB-30CAAAA3949F}"
EndProject
Project("{FAE04EC0-301F-11D3-BF4B-00C04F79EFBC}") = "CodeSignal6", "CodeSignal6\CodeSignal6.csproj", "{05498822-C7C1-45FE-9FD3-C18F60A1EBC2}"
EndProject
Project("{FAE04EC0-301F-11D3-BF4B-00C04F79EFBC}") = "CodeSignal7", "CodeSignal7\CodeSignal7.csproj", "{84208B5F-1131-458E-AB83-659DA290EF9D}"
EndProject
Global
	GlobalSection(SolutionConfigurationPlatforms) = preSolution
		Debug|Any CPU = Debug|Any CPU
		Release|Any CPU = Release|Any CPU
	EndGlobalSection
	GlobalSection(ProjectConfigurationPlatforms) = postSolution
		{B46A53C9-367D-4E62-A1EE-4B143CA23689}.Debug|Any CPU.ActiveCfg = Debug|Any CPU
		{B46A53C9-367D-4E62-A1EE-4B143CA23689}.Debug|Any CPU.Build.0 = Debug|Any CPU
		{B46A53C9-367D-4E62-A1EE-4B143CA23689}.Release|Any CPU.ActiveCfg = Release|Any CPU
		{B46A53C9-367D-4E62-A1EE-4B143CA23689}.Release|Any CPU.Build.0 = Release|Any CPU
		{2A7A0DFA-50BC-4C0B-BC7A-FD231B2632F5}.Debug|Any CPU.ActiveCfg = Debug|Any CPU
		{2A7A0DFA-50BC-4C0B-BC7A-FD231B2632F5}.Debug|Any CPU.Build.0 = Debug|Any CPU
		{2A7A0DFA-50BC-4C0B-BC7A-FD231B2632F5}.Release|Any CPU.ActiveCfg = Release|Any CPU
		{2A7A0DFA-50BC-4C0B-BC7A-FD231B2632F5}.Release|Any CPU.Build.0 = Release|Any CPU
		{5712CE0F-76E4-46ED-AF4E-CD7DEAA586DE}.Debug|Any CPU.ActiveCfg = Debug|Any CPU
		{5712CE0F-76E4-46ED-AF4E-CD7DEAA586DE}.Debug|Any CPU.Build.0 = Debug|Any CPU
		{5712CE0F-76E4-46ED-AF4E-CD7DEAA586DE}.Release|Any CPU.ActiveCfg = Release|Any CPU
		{5712CE0F-76E4-46ED-AF4E-CD7DEAA586DE}.Release|Any CPU.Build.0 = Release|Any CPU
		{8E0D3694-9E47-4291-A9AB-30CAAAA3949F}.Debug|Any CPU.ActiveCfg = Debug|Any CPU
		{8E0D3694-9E47-4291-A9AB-30CAAAA3949F}.Debug|Any CPU.Build.0 = Debug|Any CPU
		{8E0D3694-9E47-4291-A9AB-30CAAAA3949F}.Release|Any CPU.ActiveCfg = Release|Any CPU
		{8E0D3694-9E47-4291-A9AB-30CAAAA3949F}.Release|Any CPU.Build.0 = Release|Any CPU
		{05498822-C7C1-45FE-9FD3-C18F60A1EBC2}.Debug|Any CPU.ActiveCfg = Debug|Any CPU
		{05498822-C7C1-45FE-9FD3-C18F60A1EBC2}.Debug|Any CPU.Build.0 = Debug|Any CPU
		{05498822-C7C1-45FE-9FD3-C18F60A1EBC2}.Release|Any CPU.ActiveCfg = Release|Any CPU
		{05498822-C7C1-45FE-9FD3-C18F60A1EBC2}.Release|Any CPU.Build.0 = Release|Any CPU
		{84208B5F-1131-458E-AB83-659DA290EF9D}.Debug|Any CPU.ActiveCfg = Debug|Any CPU
		{84208B5F-1131-458E-AB83-659DA290EF9D}.Debug|Any CPU.Build.0 = Debug|Any CPU
		{84208B5F-1131-458E-AB83-659DA290EF9D}.Release|Any CPU.ActiveCfg = Release|Any CPU
		{84208B5F-1131-458E-AB83-659DA290EF9D}.Release|Any CPU.Build.0 = Release|Any CPU
	EndGlobalSection
	GlobalSection(SolutionProperties) = preSolution
		HideSolutionNode = FALSE
	EndGlobalSection
	GlobalSection(ExtensibilityGlobals) = postSolution
		SolutionGuid = {B3348D3A-38E8-4622-9B2B-BA1E73A51673}
	EndGlobalSection
EndGlobal
